
Microsoft Visual Studio Solution File, Format Version 12.00
# Visual Studio 15
VisualStudioVersion = 15.0.28307.329
MinimumVisualStudioVersion = 10.0.40219.1
Project("{FAE04EC0-301F-11D3-BF4B-00C04F79EFBC}") = "Calculator", "Calculator\Calculator.csproj", "{1B4F8EB5-A068-40D9-B2CB-55483B3D3049}"
EndProject
Project("{FAE04EC0-301F-11D3-BF4B-00C04F79EFBC}") = "Calculator.Tests", "Calculator.Tests\Calculator.Tests.csproj", "{57FF07E1-837C-4A33-BBEC-0436B670C4C5}"
EndProject
Global
	GlobalSection(SolutionConfigurationPlatforms) = preSolution
		Debug|Any CPU = Debug|Any CPU
		Release|Any CPU = Release|Any CPU
	EndGlobalSection
	GlobalSection(ProjectConfigurationPlatforms) = postSolution
		{1B4F8EB5-A068-40D9-B2CB-55483B3D3049}.Debug|Any CPU.ActiveCfg = Debug|Any CPU
		{1B4F8EB5-A068-40D9-B2CB-55483B3D3049}.Debug|Any CPU.Build.0 = Debug|Any CPU
		{1B4F8EB5-A068-40D9-B2CB-55483B3D3049}.Release|Any CPU.ActiveCfg = Release|Any CPU
		{1B4F8EB5-A068-40D9-B2CB-55483B3D3049}.Release|Any CPU.Build.0 = Release|Any CPU
		{57FF07E1-837C-4A33-BBEC-0436B670C4C5}.Debug|Any CPU.ActiveCfg = Debug|Any CPU
		{57FF07E1-837C-4A33-BBEC-0436B670C4C5}.Debug|Any CPU.Build.0 = Debug|Any CPU
		{57FF07E1-837C-4A33-BBEC-0436B670C4C5}.Release|Any CPU.ActiveCfg = Release|Any CPU
		{57FF07E1-837C-4A33-BBEC-0436B670C4C5}.Release|Any CPU.Build.0 = Release|Any CPU
	EndGlobalSection
	GlobalSection(SolutionProperties) = preSolution
		HideSolutionNode = FALSE
	EndGlobalSection
	GlobalSection(ExtensibilityGlobals) = postSolution
		SolutionGuid = {19E2B973-B02B-4DEF-8AB2-FD5FC0BBF88F}
	EndGlobalSection
EndGlobal
